<?xml version="1.0" encoding="utf-8"?>
<Project ToolsVersion="4.0" xmlns="http://schemas.microsoft.com/developer/msbuild/2003">
  <ItemGroup>
    <ClCompile Include="..\src\ds.cpp" />
    <ClCompile Include="..\src\gui\gElem.cpp">
      <Filter>gui</Filter>
    </ClCompile>
    <ClCompile Include="..\src\gui\gui.cpp">
      <Filter>gui</Filter>
    </ClCompile>
    <ClCompile Include="..\src\gui\joyPanel.cpp">
      <Filter>gui</Filter>
    </ClCompile>
    <ClCompile Include="..\src\gui\textOut.cpp">
      <Filter>gui</Filter>
    </ClCompile>
    <ClCompile Include="..\src\robot\Robot.cpp">
      <Filter>robot</Filter>
    </ClCompile>
    <ClCompile Include="..\src\robot\Drive.cpp">
      <Filter>robot</Filter>
    </ClCompile>
    <ClCompile Include="..\src\utils\Comms.cpp">
      <Filter>utils</Filter>
    </ClCompile>
    <ClCompile Include="..\src\gui\console.cpp">
      <Filter>gui</Filter>
    </ClCompile>
    <ClCompile Include="..\src\utils\crc8.cpp">
      <Filter>utils</Filter>
    </ClCompile>
    <ClCompile Include="..\src\robot\Ball.cpp">
      <Filter>robot</Filter>
    </ClCompile>
    <ClCompile Include="..\src\robot\Key.cpp">
      <Filter>robot</Filter>
    </ClCompile>
    <ClCompile Include="..\src\utils\PID.cpp">
      <Filter>utils</Filter>
    </ClCompile>
  </ItemGroup>
  <ItemGroup>
    <ClInclude Include="..\src\gui\textOut.h">
      <Filter>gui</Filter>
    </ClInclude>
    <ClInclude Include="..\src\gui\appRes.h">
      <Filter>gui</Filter>
    </ClInclude>
    <ClInclude Include="..\src\gui\gElem.h">
      <Filter>gui</Filter>
    </ClInclude>
    <ClInclude Include="..\src\gui\gui.h">
      <Filter>gui</Filter>
    </ClInclude>
    <ClInclude Include="..\src\gui\joyPanel.h">
      <Filter>gui</Filter>
    </ClInclude>
    <ClInclude Include="..\src\robot\RobotIO.h">
      <Filter>robot</Filter>
    </ClInclude>
    <ClInclude Include="..\src\robot\Drive.h">
      <Filter>robot</Filter>
    </ClInclude>
    <ClInclude Include="..\src\robot\Robot.h">
      <Filter>robot</Filter>
    </ClInclude>
    <ClInclude Include="..\src\robot\Constants.h">
      <Filter>robot</Filter>
    </ClInclude>
    <ClInclude Include="..\src\robot\Controls.h">
      <Filter>robot</Filter>
    </ClInclude>
    <ClInclude Include="..\src\utils\Comms.h">
      <Filter>utils</Filter>
    </ClInclude>
    <ClInclude Include="..\src\gui\console.h">
      <Filter>gui</Filter>
    </ClInclude>
    <ClInclude Include="..\src\utils\crc8.h">
      <Filter>utils</Filter>
    </ClInclude>
    <ClInclude Include="..\src\robot\Ball.h">
      <Filter>robot</Filter>
    </ClInclude>
    <ClInclude Include="..\src\robot\Key.h">
      <Filter>robot</Filter>
    </ClInclude>
    <ClInclude Include="..\src\utils\PID.h">
      <Filter>utils</Filter>
    </ClInclude>
  </ItemGroup>
  <ItemGroup>
    <Filter Include="gui">
      <UniqueIdentifier>{4a4e5017-c548-427a-a921-576a64398b24}</UniqueIdentifier>
    </Filter>
    <Filter Include="robot">
      <UniqueIdentifier>{104aa02c-24d1-4609-8dea-2a767201870e}</UniqueIdentifier>
    </Filter>
    <Filter Include="utils">
      <UniqueIdentifier>{94829f90-07f9-41fe-aa87-957f1f397878}</UniqueIdentifier>
    </Filter>
  </ItemGroup>
</Project>